
Microsoft Visual Studio Solution File, Format Version 12.00
# Visual Studio Version 17
VisualStudioVersion = 17.3.32804.467
MinimumVisualStudioVersion = 10.0.40219.1
Project("{FAE04EC0-301F-11D3-BF4B-00C04F79EFBC}") = "Notifications.SDK.Demo", "Notifications.SDK.Demo\Notifications.SDK.Demo.csproj", "{DC429750-08D8-48EA-97C2-C693FCD960D2}"
EndProject
Global
	GlobalSection(SolutionConfigurationPlatforms) = preSolution
		Debug|Any CPU = Debug|Any CPU
		Release|Any CPU = Release|Any CPU
	EndGlobalSection
	GlobalSection(ProjectConfigurationPlatforms) = postSolution
		{DC429750-08D8-48EA-97C2-C693FCD960D2}.Debug|Any CPU.ActiveCfg = Debug|Any CPU
		{DC429750-08D8-48EA-97C2-C693FCD960D2}.Debug|Any CPU.Build.0 = Debug|Any CPU
		{DC429750-08D8-48EA-97C2-C693FCD960D2}.Release|Any CPU.ActiveCfg = Release|Any CPU
		{DC429750-08D8-48EA-97C2-C693FCD960D2}.Release|Any CPU.Build.0 = Release|Any CPU
	EndGlobalSection
	GlobalSection(SolutionProperties) = preSolution
		HideSolutionNode = FALSE
	EndGlobalSection
	GlobalSection(ExtensibilityGlobals) = postSolution
		SolutionGuid = {87B1A9A7-A94E-4A83-BF1D-B79E02FF278F}
	EndGlobalSection
EndGlobal
